// !$*UTF8*$!
{
	archiveVersion = 1;
	classes = {
	};
	objectVersion = 55;
	objects = {

/* Begin PBXBuildFile section */
		BE353587289FA7F000BB6B3E /* AppDelegate.swift in Sources */ = {isa = PBXBuildFile; fileRef = BE353586289FA7F000BB6B3E /* AppDelegate.swift */; };
		BE353589289FA7F000BB6B3E /* SceneDelegate.swift in Sources */ = {isa = PBXBuildFile; fileRef = BE353588289FA7F000BB6B3E /* SceneDelegate.swift */; };
		BE353590289FA7F000BB6B3E /* Assets.xcassets in Resources */ = {isa = PBXBuildFile; fileRef = BE35358F289FA7F000BB6B3E /* Assets.xcassets */; };
		BE353593289FA7F000BB6B3E /* LaunchScreen.storyboard in Resources */ = {isa = PBXBuildFile; fileRef = BE353591289FA7F000BB6B3E /* LaunchScreen.storyboard */; };
		BE3535A828A04A9B00BB6B3E /* ImageSearchViewControllerTests.swift in Sources */ = {isa = PBXBuildFile; fileRef = BE3535A728A04A9B00BB6B3E /* ImageSearchViewControllerTests.swift */; };
		BE37C84028A136FA00A40711 /* ImageTableViewCellTests.swift in Sources */ = {isa = PBXBuildFile; fileRef = BE37C83F28A136FA00A40711 /* ImageTableViewCellTests.swift */; };
		BE41A95F28A2579D000EB7DC /* LoadingViewTests.swift in Sources */ = {isa = PBXBuildFile; fileRef = BE41A95E28A2579D000EB7DC /* LoadingViewTests.swift */; };
		BE41A96328A260FE000EB7DC /* ImageSearchViewController.swift in Sources */ = {isa = PBXBuildFile; fileRef = BE41A96228A260FE000EB7DC /* ImageSearchViewController.swift */; };
		BE41A96628A2615B000EB7DC /* ImageTableViewCell.swift in Sources */ = {isa = PBXBuildFile; fileRef = BE41A96528A2615B000EB7DC /* ImageTableViewCell.swift */; };
		BE41A96828A26198000EB7DC /* LoadingView.swift in Sources */ = {isa = PBXBuildFile; fileRef = BE41A96728A26198000EB7DC /* LoadingView.swift */; };
		BE41A96A28A26226000EB7DC /* ImageViewModel.swift in Sources */ = {isa = PBXBuildFile; fileRef = BE41A96928A26226000EB7DC /* ImageViewModel.swift */; };
/* End PBXBuildFile section */

/* Begin PBXContainerItemProxy section */
		BE3535A228A04A4F00BB6B3E /* PBXContainerItemProxy */ = {
			isa = PBXContainerItemProxy;
			containerPortal = BE35357B289FA7F000BB6B3E /* Project object */;
			proxyType = 1;
			remoteGlobalIDString = BE353582289FA7F000BB6B3E;
			remoteInfo = ImageSearchDemo;
		};
/* End PBXContainerItemProxy section */

/* Begin PBXFileReference section */
		BE353583289FA7F000BB6B3E /* ImageSearchDemo.app */ = {isa = PBXFileReference; explicitFileType = wrapper.application; includeInIndex = 0; path = ImageSearchDemo.app; sourceTree = BUILT_PRODUCTS_DIR; };
		BE353586289FA7F000BB6B3E /* AppDelegate.swift */ = {isa = PBXFileReference; lastKnownFileType = sourcecode.swift; path = AppDelegate.swift; sourceTree = "<group>"; };
		BE353588289FA7F000BB6B3E /* SceneDelegate.swift */ = {isa = PBXFileReference; lastKnownFileType = sourcecode.swift; path = SceneDelegate.swift; sourceTree = "<group>"; };
		BE35358F289FA7F000BB6B3E /* Assets.xcassets */ = {isa = PBXFileReference; lastKnownFileType = folder.assetcatalog; path = Assets.xcassets; sourceTree = "<group>"; };
		BE353592289FA7F000BB6B3E /* Base */ = {isa = PBXFileReference; lastKnownFileType = file.storyboard; name = Base; path = Base.lproj/LaunchScreen.storyboard; sourceTree = "<group>"; };
		BE353594289FA7F000BB6B3E /* Info.plist */ = {isa = PBXFileReference; lastKnownFileType = text.plist.xml; path = Info.plist; sourceTree = "<group>"; };
		BE35359E28A04A4F00BB6B3E /* ImageSearchDemoTests.xctest */ = {isa = PBXFileReference; explicitFileType = wrapper.cfbundle; includeInIndex = 0; path = ImageSearchDemoTests.xctest; sourceTree = BUILT_PRODUCTS_DIR; };
		BE3535A728A04A9B00BB6B3E /* ImageSearchViewControllerTests.swift */ = {isa = PBXFileReference; lastKnownFileType = sourcecode.swift; path = ImageSearchViewControllerTests.swift; sourceTree = "<group>"; };
		BE37C83F28A136FA00A40711 /* ImageTableViewCellTests.swift */ = {isa = PBXFileReference; lastKnownFileType = sourcecode.swift; path = ImageTableViewCellTests.swift; sourceTree = "<group>"; };
		BE41A95E28A2579D000EB7DC /* LoadingViewTests.swift */ = {isa = PBXFileReference; lastKnownFileType = sourcecode.swift; path = LoadingViewTests.swift; sourceTree = "<group>"; };
		BE41A96228A260FE000EB7DC /* ImageSearchViewController.swift */ = {isa = PBXFileReference; lastKnownFileType = sourcecode.swift; path = ImageSearchViewController.swift; sourceTree = "<group>"; };
		BE41A96528A2615B000EB7DC /* ImageTableViewCell.swift */ = {isa = PBXFileReference; lastKnownFileType = sourcecode.swift; path = ImageTableViewCell.swift; sourceTree = "<group>"; };
		BE41A96728A26198000EB7DC /* LoadingView.swift */ = {isa = PBXFileReference; lastKnownFileType = sourcecode.swift; path = LoadingView.swift; sourceTree = "<group>"; };
		BE41A96928A26226000EB7DC /* ImageViewModel.swift */ = {isa = PBXFileReference; lastKnownFileType = sourcecode.swift; path = ImageViewModel.swift; sourceTree = "<group>"; };
/* End PBXFileReference section */

/* Begin PBXFrameworksBuildPhase section */
		BE353580289FA7F000BB6B3E /* Frameworks */ = {
			isa = PBXFrameworksBuildPhase;
			buildActionMask = 2147483647;
			files = (
			);
			runOnlyForDeploymentPostprocessing = 0;
		};
		BE35359B28A04A4F00BB6B3E /* Frameworks */ = {
			isa = PBXFrameworksBuildPhase;
			buildActionMask = 2147483647;
			files = (
			);
			runOnlyForDeploymentPostprocessing = 0;
		};
/* End PBXFrameworksBuildPhase section */

/* Begin PBXGroup section */
		BE35357A289FA7F000BB6B3E = {
			isa = PBXGroup;
			children = (
				BE353585289FA7F000BB6B3E /* ImageSearchDemo */,
				BE35359F28A04A4F00BB6B3E /* ImageSearchDemoTests */,
				BE353584289FA7F000BB6B3E /* Products */,
			);
			sourceTree = "<group>";
		};
		BE353584289FA7F000BB6B3E /* Products */ = {
			isa = PBXGroup;
			children = (
				BE353583289FA7F000BB6B3E /* ImageSearchDemo.app */,
				BE35359E28A04A4F00BB6B3E /* ImageSearchDemoTests.xctest */,
			);
			name = Products;
			sourceTree = "<group>";
		};
		BE353585289FA7F000BB6B3E /* ImageSearchDemo */ = {
			isa = PBXGroup;
			children = (
				BE353586289FA7F000BB6B3E /* AppDelegate.swift */,
				BE353588289FA7F000BB6B3E /* SceneDelegate.swift */,
				BE41A96128A260C2000EB7DC /* ViewModels */,
				BE41A96028A260A9000EB7DC /* Views */,
				BE35358F289FA7F000BB6B3E /* Assets.xcassets */,
				BE353591289FA7F000BB6B3E /* LaunchScreen.storyboard */,
				BE353594289FA7F000BB6B3E /* Info.plist */,
			);
			path = ImageSearchDemo;
			sourceTree = "<group>";
		};
		BE35359F28A04A4F00BB6B3E /* ImageSearchDemoTests */ = {
			isa = PBXGroup;
			children = (
				BE3535A728A04A9B00BB6B3E /* ImageSearchViewControllerTests.swift */,
				BE37C83F28A136FA00A40711 /* ImageTableViewCellTests.swift */,
				BE41A95E28A2579D000EB7DC /* LoadingViewTests.swift */,
			);
			path = ImageSearchDemoTests;
			sourceTree = "<group>";
		};
		BE41A96028A260A9000EB7DC /* Views */ = {
			isa = PBXGroup;
			children = (
				BE41A96728A26198000EB7DC /* LoadingView.swift */,
				BE41A96228A260FE000EB7DC /* ImageSearchViewController.swift */,
				BE41A96528A2615B000EB7DC /* ImageTableViewCell.swift */,
			);
			path = Views;
			sourceTree = "<group>";
		};
		BE41A96128A260C2000EB7DC /* ViewModels */ = {
			isa = PBXGroup;
			children = (
				BE41A96928A26226000EB7DC /* ImageViewModel.swift */,
			);
			path = ViewModels;
			sourceTree = "<group>";
		};
/* End PBXGroup section */

/* Begin PBXNativeTarget section */
		BE353582289FA7F000BB6B3E /* ImageSearchDemo */ = {
			isa = PBXNativeTarget;
			buildConfigurationList = BE353597289FA7F000BB6B3E /* Build configuration list for PBXNativeTarget "ImageSearchDemo" */;
			buildPhases = (
				BE35357F289FA7F000BB6B3E /* Sources */,
				BE353580289FA7F000BB6B3E /* Frameworks */,
				BE353581289FA7F000BB6B3E /* Resources */,
			);
			buildRules = (
			);
			dependencies = (
			);
			name = ImageSearchDemo;
			productName = ImageSearchDemo;
			productReference = BE353583289FA7F000BB6B3E /* ImageSearchDemo.app */;
			productType = "com.apple.product-type.application";
		};
		BE35359D28A04A4F00BB6B3E /* ImageSearchDemoTests */ = {
			isa = PBXNativeTarget;
			buildConfigurationList = BE3535A628A04A4F00BB6B3E /* Build configuration list for PBXNativeTarget "ImageSearchDemoTests" */;
			buildPhases = (
				BE35359A28A04A4F00BB6B3E /* Sources */,
				BE35359B28A04A4F00BB6B3E /* Frameworks */,
				BE35359C28A04A4F00BB6B3E /* Resources */,
			);
			buildRules = (
			);
			dependencies = (
				BE3535A328A04A4F00BB6B3E /* PBXTargetDependency */,
			);
			name = ImageSearchDemoTests;
			productName = ImageSearchDemoTests;
			productReference = BE35359E28A04A4F00BB6B3E /* ImageSearchDemoTests.xctest */;
			productType = "com.apple.product-type.bundle.unit-test";
		};
/* End PBXNativeTarget section */

/* Begin PBXProject section */
		BE35357B289FA7F000BB6B3E /* Project object */ = {
			isa = PBXProject;
			attributes = {
				BuildIndependentTargetsInParallel = 1;
				LastSwiftUpdateCheck = 1340;
				LastUpgradeCheck = 1340;
				TargetAttributes = {
					BE353582289FA7F000BB6B3E = {
						CreatedOnToolsVersion = 13.4.1;
					};
					BE35359D28A04A4F00BB6B3E = {
						CreatedOnToolsVersion = 13.4.1;
						LastSwiftMigration = 1340;
						TestTargetID = BE353582289FA7F000BB6B3E;
					};
				};
			};
			buildConfigurationList = BE35357E289FA7F000BB6B3E /* Build configuration list for PBXProject "ImageSearchDemo" */;
			compatibilityVersion = "Xcode 13.0";
			developmentRegion = en;
			hasScannedForEncodings = 0;
			knownRegions = (
				en,
				Base,
			);
			mainGroup = BE35357A289FA7F000BB6B3E;
			productRefGroup = BE353584289FA7F000BB6B3E /* Products */;
			projectDirPath = "";
			projectRoot = "";
			targets = (
				BE353582289FA7F000BB6B3E /* ImageSearchDemo */,
				BE35359D28A04A4F00BB6B3E /* ImageSearchDemoTests */,
			);
		};
/* End PBXProject section */

/* Begin PBXResourcesBuildPhase section */
		BE353581289FA7F000BB6B3E /* Resources */ = {
			isa = PBXResourcesBuildPhase;
			buildActionMask = 2147483647;
			files = (
				BE353593289FA7F000BB6B3E /* LaunchScreen.storyboard in Resources */,
				BE353590289FA7F000BB6B3E /* Assets.xcassets in Resources */,
			);
			runOnlyForDeploymentPostprocessing = 0;
		};
		BE35359C28A04A4F00BB6B3E /* Resources */ = {
			isa = PBXResourcesBuildPhase;
			buildActionMask = 2147483647;
			files = (
			);
			runOnlyForDeploymentPostprocessing = 0;
		};
/* End PBXResourcesBuildPhase section */

/* Begin PBXSourcesBuildPhase section */
		BE35357F289FA7F000BB6B3E /* Sources */ = {
			isa = PBXSourcesBuildPhase;
			buildActionMask = 2147483647;
			files = (
				BE41A96A28A26226000EB7DC /* ImageViewModel.swift in Sources */,
				BE353587289FA7F000BB6B3E /* AppDelegate.swift in Sources */,
				BE41A96628A2615B000EB7DC /* ImageTableViewCell.swift in Sources */,
				BE353589289FA7F000BB6B3E /* SceneDelegate.swift in Sources */,
				BE41A96828A26198000EB7DC /* LoadingView.swift in Sources */,
				BE41A96328A260FE000EB7DC /* ImageSearchViewController.swift in Sources */,
			);
			runOnlyForDeploymentPostprocessing = 0;
		};
		BE35359A28A04A4F00BB6B3E /* Sources */ = {
			isa = PBXSourcesBuildPhase;
			buildActionMask = 2147483647;
			files = (
				BE3535A828A04A9B00BB6B3E /* ImageSearchViewControllerTests.swift in Sources */,
				BE41A95F28A2579D000EB7DC /* LoadingViewTests.swift in Sources */,
				BE37C84028A136FA00A40711 /* ImageTableViewCellTests.swift in Sources */,
			);
			runOnlyForDeploymentPostprocessing = 0;
		};
/* End PBXSourcesBuildPhase section */

/* Begin PBXTargetDependency section */
		BE3535A328A04A4F00BB6B3E /* PBXTargetDependency */ = {
			isa = PBXTargetDependency;
			target = BE353582289FA7F000BB6B3E /* ImageSearchDemo */;
			targetProxy = BE3535A228A04A4F00BB6B3E /* PBXContainerItemProxy */;
		};
/* End PBXTargetDependency section */

/* Begin PBXVariantGroup section */
		BE353591289FA7F000BB6B3E /* LaunchScreen.storyboard */ = {
			isa = PBXVariantGroup;
			children = (
				BE353592289FA7F000BB6B3E /* Base */,
			);
			name = LaunchScreen.storyboard;
			sourceTree = "<group>";
		};
/* End PBXVariantGroup section */

/* Begin XCBuildConfiguration section */
		BE353595289FA7F000BB6B3E /* Debug */ = {
			isa = XCBuildConfiguration;
			buildSettings = {
				ALWAYS_SEARCH_USER_PATHS = NO;
				CLANG_ANALYZER_NONNULL = YES;
				CLANG_ANALYZER_NUMBER_OBJECT_CONVERSION = YES_AGGRESSIVE;
				CLANG_CXX_LANGUAGE_STANDARD = "gnu++17";
				CLANG_ENABLE_MODULES = YES;
				CLANG_ENABLE_OBJC_ARC = YES;
				CLANG_ENABLE_OBJC_WEAK = YES;
				CLANG_WARN_BLOCK_CAPTURE_AUTORELEASING = YES;
				CLANG_WARN_BOOL_CONVERSION = YES;
				CLANG_WARN_COMMA = YES;
				CLANG_WARN_CONSTANT_CONVERSION = YES;
				CLANG_WARN_DEPRECATED_OBJC_IMPLEMENTATIONS = YES;
				CLANG_WARN_DIRECT_OBJC_ISA_USAGE = YES_ERROR;
				CLANG_WARN_DOCUMENTATION_COMMENTS = YES;
				CLANG_WARN_EMPTY_BODY = YES;
				CLANG_WARN_ENUM_CONVERSION = YES;
				CLANG_WARN_INFINITE_RECURSION = YES;
				CLANG_WARN_INT_CONVERSION = YES;
				CLANG_WARN_NON_LITERAL_NULL_CONVERSION = YES;
				CLANG_WARN_OBJC_IMPLICIT_RETAIN_SELF = YES;
				CLANG_WARN_OBJC_LITERAL_CONVERSION = YES;
				CLANG_WARN_OBJC_ROOT_CLASS = YES_ERROR;
				CLANG_WARN_QUOTED_INCLUDE_IN_FRAMEWORK_HEADER = YES;
				CLANG_WARN_RANGE_LOOP_ANALYSIS = YES;
				CLANG_WARN_STRICT_PROTOTYPES = YES;
				CLANG_WARN_SUSPICIOUS_MOVE = YES;
				CLANG_WARN_UNGUARDED_AVAILABILITY = YES_AGGRESSIVE;
				CLANG_WARN_UNREACHABLE_CODE = YES;
				CLANG_WARN__DUPLICATE_METHOD_MATCH = YES;
				COPY_PHASE_STRIP = NO;
				DEBUG_INFORMATION_FORMAT = dwarf;
				ENABLE_STRICT_OBJC_MSGSEND = YES;
				ENABLE_TESTABILITY = YES;
				GCC_C_LANGUAGE_STANDARD = gnu11;
				GCC_DYNAMIC_NO_PIC = NO;
				GCC_NO_COMMON_BLOCKS = YES;
				GCC_OPTIMIZATION_LEVEL = 0;
				GCC_PREPROCESSOR_DEFINITIONS = (
					"DEBUG=1",
					"$(inherited)",
				);
				GCC_WARN_64_TO_32_BIT_CONVERSION = YES;
				GCC_WARN_ABOUT_RETURN_TYPE = YES_ERROR;
				GCC_WARN_UNDECLARED_SELECTOR = YES;
				GCC_WARN_UNINITIALIZED_AUTOS = YES_AGGRESSIVE;
				GCC_WARN_UNUSED_FUNCTION = YES;
				GCC_WARN_UNUSED_VARIABLE = YES;
				IPHONEOS_DEPLOYMENT_TARGET = 15.0;
				MTL_ENABLE_DEBUG_INFO = INCLUDE_SOURCE;
				MTL_FAST_MATH = YES;
				ONLY_ACTIVE_ARCH = YES;
				SDKROOT = iphoneos;
				SWIFT_ACTIVE_COMPILATION_CONDITIONS = DEBUG;
				SWIFT_OPTIMIZATION_LEVEL = "-Onone";
			};
			name = Debug;
		};
		BE353596289FA7F000BB6B3E /* Release */ = {
			isa = XCBuildConfiguration;
			buildSettings = {
				ALWAYS_SEARCH_USER_PATHS = NO;
				CLANG_ANALYZER_NONNULL = YES;
				CLANG_ANALYZER_NUMBER_OBJECT_CONVERSION = YES_AGGRESSIVE;
				CLANG_CXX_LANGUAGE_STANDARD = "gnu++17";
				CLANG_ENABLE_MODULES = YES;
				CLANG_ENABLE_OBJC_ARC = YES;
				CLANG_ENABLE_OBJC_WEAK = YES;
				CLANG_WARN_BLOCK_CAPTURE_AUTORELEASING = YES;
				CLANG_WARN_BOOL_CONVERSION = YES;
				CLANG_WARN_COMMA = YES;
				CLANG_WARN_CONSTANT_CONVERSION = YES;
				CLANG_WARN_DEPRECATED_OBJC_IMPLEMENTATIONS = YES;
				CLANG_WARN_DIRECT_OBJC_ISA_USAGE = YES_ERROR;
				CLANG_WARN_DOCUMENTATION_COMMENTS = YES;
				CLANG_WARN_EMPTY_BODY = YES;
				CLANG_WARN_ENUM_CONVERSION = YES;
				CLANG_WARN_INFINITE_RECURSION = YES;
				CLANG_WARN_INT_CONVERSION = YES;
				CLANG_WARN_NON_LITERAL_NULL_CONVERSION = YES;
				CLANG_WARN_OBJC_IMPLICIT_RETAIN_SELF = YES;
				CLANG_WARN_OBJC_LITERAL_CONVERSION = YES;
				CLANG_WARN_OBJC_ROOT_CLASS = YES_ERROR;
				CLANG_WARN_QUOTED_INCLUDE_IN_FRAMEWORK_HEADER = YES;
				CLANG_WARN_RANGE_LOOP_ANALYSIS = YES;
				CLANG_WARN_STRICT_PROTOTYPES = YES;
				CLANG_WARN_SUSPICIOUS_MOVE = YES;
				CLANG_WARN_UNGUARDED_AVAILABILITY = YES_AGGRESSIVE;
				CLANG_WARN_UNREACHABLE_CODE = YES;
				CLANG_WARN__DUPLICATE_METHOD_MATCH = YES;
				COPY_PHASE_STRIP = NO;
				DEBUG_INFORMATION_FORMAT = "dwarf-with-dsym";
				ENABLE_NS_ASSERTIONS = NO;
				ENABLE_STRICT_OBJC_MSGSEND = YES;
				GCC_C_LANGUAGE_STANDARD = gnu11;
				GCC_NO_COMMON_BLOCKS = YES;
				GCC_WARN_64_TO_32_BIT_CONVERSION = YES;
				GCC_WARN_ABOUT_RETURN_TYPE = YES_ERROR;
				GCC_WARN_UNDECLARED_SELECTOR = YES;
				GCC_WARN_UNINITIALIZED_AUTOS = YES_AGGRESSIVE;
				GCC_WARN_UNUSED_FUNCTION = YES;
				GCC_WARN_UNUSED_VARIABLE = YES;
				IPHONEOS_DEPLOYMENT_TARGET = 15.0;
				MTL_ENABLE_DEBUG_INFO = NO;
				MTL_FAST_MATH = YES;
				SDKROOT = iphoneos;
				SWIFT_COMPILATION_MODE = wholemodule;
				SWIFT_OPTIMIZATION_LEVEL = "-O";
				VALIDATE_PRODUCT = YES;
			};
			name = Release;
		};
		BE353598289FA7F000BB6B3E /* Debug */ = {
			isa = XCBuildConfiguration;
			buildSettings = {
				ASSETCATALOG_COMPILER_APPICON_NAME = AppIcon;
				ASSETCATALOG_COMPILER_GLOBAL_ACCENT_COLOR_NAME = AccentColor;
				CODE_SIGN_STYLE = Automatic;
				CURRENT_PROJECT_VERSION = 1;
				DEVELOPMENT_TEAM = DV4M5VPD3C;
				GENERATE_INFOPLIST_FILE = YES;
				INFOPLIST_FILE = ImageSearchDemo/Info.plist;
				INFOPLIST_KEY_CFBundleDisplayName = "Image Search";
				INFOPLIST_KEY_UIApplicationSupportsIndirectInputEvents = YES;
				INFOPLIST_KEY_UILaunchStoryboardName = LaunchScreen;
				INFOPLIST_KEY_UISupportedInterfaceOrientations = UIInterfaceOrientationPortrait;
				INFOPLIST_KEY_UISupportedInterfaceOrientations_iPad = "UIInterfaceOrientationPortrait UIInterfaceOrientationPortraitUpsideDown UIInterfaceOrientationLandscapeLeft UIInterfaceOrientationLandscapeRight";
				INFOPLIST_KEY_UISupportedInterfaceOrientations_iPhone = "UIInterfaceOrientationPortrait UIInterfaceOrientationLandscapeLeft UIInterfaceOrientationLandscapeRight";
				IPHONEOS_DEPLOYMENT_TARGET = 15.0;
				LD_RUNPATH_SEARCH_PATHS = (
					"$(inherited)",
					"@executable_path/Frameworks",
				);
				MARKETING_VERSION = 1.0;
				PRODUCT_BUNDLE_IDENTIFIER = com.tszlung.ImageSearchDemo;
				PRODUCT_NAME = "$(TARGET_NAME)";
				SWIFT_EMIT_LOC_STRINGS = YES;
				SWIFT_VERSION = 5.0;
				TARGETED_DEVICE_FAMILY = 1;
			};
			name = Debug;
		};
		BE353599289FA7F000BB6B3E /* Release */ = {
			isa = XCBuildConfiguration;
			buildSettings = {
				ASSETCATALOG_COMPILER_APPICON_NAME = AppIcon;
				ASSETCATALOG_COMPILER_GLOBAL_ACCENT_COLOR_NAME = AccentColor;
				CODE_SIGN_STYLE = Automatic;
				CURRENT_PROJECT_VERSION = 1;
				DEVELOPMENT_TEAM = DV4M5VPD3C;
				GENERATE_INFOPLIST_FILE = YES;
				INFOPLIST_FILE = ImageSearchDemo/Info.plist;
				INFOPLIST_KEY_CFBundleDisplayName = "Image Search";
				INFOPLIST_KEY_UIApplicationSupportsIndirectInputEvents = YES;
				INFOPLIST_KEY_UILaunchStoryboardName = LaunchScreen;
				INFOPLIST_KEY_UISupportedInterfaceOrientations = UIInterfaceOrientationPortrait;
				INFOPLIST_KEY_UISupportedInterfaceOrientations_iPad = "UIInterfaceOrientationPortrait UIInterfaceOrientationPortraitUpsideDown UIInterfaceOrientationLandscapeLeft UIInterfaceOrientationLandscapeRight";
				INFOPLIST_KEY_UISupportedInterfaceOrientations_iPhone = "UIInterfaceOrientationPortrait UIInterfaceOrientationLandscapeLeft UIInterfaceOrientationLandscapeRight";
				IPHONEOS_DEPLOYMENT_TARGET = 15.0;
				LD_RUNPATH_SEARCH_PATHS = (
					"$(inherited)",
					"@executable_path/Frameworks",
				);
				MARKETING_VERSION = 1.0;
				PRODUCT_BUNDLE_IDENTIFIER = com.tszlung.ImageSearchDemo;
				PRODUCT_NAME = "$(TARGET_NAME)";
				SWIFT_EMIT_LOC_STRINGS = YES;
				SWIFT_VERSION = 5.0;
				TARGETED_DEVICE_FAMILY = 1;
			};
			name = Release;
		};
		BE3535A428A04A4F00BB6B3E /* Debug */ = {
			isa = XCBuildConfiguration;
			buildSettings = {
				BUNDLE_LOADER = "$(TEST_HOST)";
				CLANG_ENABLE_MODULES = YES;
				CODE_SIGN_STYLE = Automatic;
				CURRENT_PROJECT_VERSION = 1;
				DEVELOPMENT_TEAM = DV4M5VPD3C;
				GENERATE_INFOPLIST_FILE = YES;
				IPHONEOS_DEPLOYMENT_TARGET = 15.5;
				LD_RUNPATH_SEARCH_PATHS = (
					"$(inherited)",
					"@executable_path/Frameworks",
					"@loader_path/Frameworks",
				);
				MARKETING_VERSION = 1.0;
				PRODUCT_BUNDLE_IDENTIFIER = com.tszlung.ImageSearchDemoTests;
				PRODUCT_NAME = "$(TARGET_NAME)";
				SWIFT_EMIT_LOC_STRINGS = NO;
				SWIFT_OPTIMIZATION_LEVEL = "-Onone";
				SWIFT_VERSION = 5.0;
				TARGETED_DEVICE_FAMILY = "1,2";
				TEST_HOST = "$(BUILT_PRODUCTS_DIR)/ImageSearchDemo.app/ImageSearchDemo";
			};
			name = Debug;
		};
		BE3535A528A04A4F00BB6B3E /* Release */ = {
			isa = XCBuildConfiguration;
			buildSettings = {
				BUNDLE_LOADER = "$(TEST_HOST)";
				CLANG_ENABLE_MODULES = YES;
				CODE_SIGN_STYLE = Automatic;
				CURRENT_PROJECT_VERSION = 1;
				DEVELOPMENT_TEAM = DV4M5VPD3C;
				GENERATE_INFOPLIST_FILE = YES;
				IPHONEOS_DEPLOYMENT_TARGET = 15.5;
				LD_RUNPATH_SEARCH_PATHS = (
					"$(inherited)",
					"@executable_path/Frameworks",
					"@loader_path/Frameworks",
				);
				MARKETING_VERSION = 1.0;
				PRODUCT_BUNDLE_IDENTIFIER = com.tszlung.ImageSearchDemoTests;
				PRODUCT_NAME = "$(TARGET_NAME)";
				SWIFT_EMIT_LOC_STRINGS = NO;
				SWIFT_VERSION = 5.0;
				TARGETED_DEVICE_FAMILY = "1,2";
				TEST_HOST = "$(BUILT_PRODUCTS_DIR)/ImageSearchDemo.app/ImageSearchDemo";
			};
			name = Release;
		};
/* End XCBuildConfiguration section */

/* Begin XCConfigurationList section */
		BE35357E289FA7F000BB6B3E /* Build configuration list for PBXProject "ImageSearchDemo" */ = {
			isa = XCConfigurationList;
			buildConfigurations = (
				BE353595289FA7F000BB6B3E /* Debug */,
				BE353596289FA7F000BB6B3E /* Release */,
			);
			defaultConfigurationIsVisible = 0;
			defaultConfigurationName = Release;
		};
		BE353597289FA7F000BB6B3E /* Build configuration list for PBXNativeTarget "ImageSearchDemo" */ = {
			isa = XCConfigurationList;
			buildConfigurations = (
				BE353598289FA7F000BB6B3E /* Debug */,
				BE353599289FA7F000BB6B3E /* Release */,
			);
			defaultConfigurationIsVisible = 0;
			defaultConfigurationName = Release;
		};
		BE3535A628A04A4F00BB6B3E /* Build configuration list for PBXNativeTarget "ImageSearchDemoTests" */ = {
			isa = XCConfigurationList;
			buildConfigurations = (
				BE3535A428A04A4F00BB6B3E /* Debug */,
				BE3535A528A04A4F00BB6B3E /* Release */,
			);
			defaultConfigurationIsVisible = 0;
			defaultConfigurationName = Release;
		};
/* End XCConfigurationList section */
	};
	rootObject = BE35357B289FA7F000BB6B3E /* Project object */;
}
